
Microsoft Visual Studio Solution File, Format Version 12.00
# Visual Studio Version 17
VisualStudioVersion = 17.14.36717.8
MinimumVisualStudioVersion = 10.0.40219.1
Project("{FAE04EC0-301F-11D3-BF4B-00C04F79EFBC}") = "CAR", "CAR.csproj", "{ACF5C0CB-46C5-4488-BE1F-EC0558D22CA9}"
EndProject
Project("{FAE04EC0-301F-11D3-BF4B-00C04F79EFBC}") = "CAR.Core", "..\CAR.Core\CAR.Core.csproj", "{733F165A-F5C9-4CA8-A9F5-826282C61A8F}"
EndProject
Project("{FAE04EC0-301F-11D3-BF4B-00C04F79EFBC}") = "CAR.Data", "..\CAR.Data\CAR.Data.csproj", "{0E6961F1-F0F7-4C5B-A20E-E7425309B199}"
EndProject
Project("{FAE04EC0-301F-11D3-BF4B-00C04F79EFBC}") = "CAR.ApplicationServices", "..\CAR.ApplicationServices\CAR.ApplicationServices.csproj", "{E7D706F6-03B4-42DC-A841-291DBE4C831D}"
EndProject
Project("{FAE04EC0-301F-11D3-BF4B-00C04F79EFBC}") = "CAR.Tests", "..\CAR.Tests\CAR.Tests.csproj", "{3F0FA999-CB2B-48CB-80B3-3D62B928897B}"
EndProject
Global
	GlobalSection(SolutionConfigurationPlatforms) = preSolution
		Debug|Any CPU = Debug|Any CPU
		Release|Any CPU = Release|Any CPU
	EndGlobalSection
	GlobalSection(ProjectConfigurationPlatforms) = postSolution
		{ACF5C0CB-46C5-4488-BE1F-EC0558D22CA9}.Debug|Any CPU.ActiveCfg = Debug|Any CPU
		{ACF5C0CB-46C5-4488-BE1F-EC0558D22CA9}.Debug|Any CPU.Build.0 = Debug|Any CPU
		{ACF5C0CB-46C5-4488-BE1F-EC0558D22CA9}.Release|Any CPU.ActiveCfg = Release|Any CPU
		{ACF5C0CB-46C5-4488-BE1F-EC0558D22CA9}.Release|Any CPU.Build.0 = Release|Any CPU
		{733F165A-F5C9-4CA8-A9F5-826282C61A8F}.Debug|Any CPU.ActiveCfg = Debug|Any CPU
		{733F165A-F5C9-4CA8-A9F5-826282C61A8F}.Debug|Any CPU.Build.0 = Debug|Any CPU
		{733F165A-F5C9-4CA8-A9F5-826282C61A8F}.Release|Any CPU.ActiveCfg = Release|Any CPU
		{733F165A-F5C9-4CA8-A9F5-826282C61A8F}.Release|Any CPU.Build.0 = Release|Any CPU
		{0E6961F1-F0F7-4C5B-A20E-E7425309B199}.Debug|Any CPU.ActiveCfg = Debug|Any CPU
		{0E6961F1-F0F7-4C5B-A20E-E7425309B199}.Debug|Any CPU.Build.0 = Debug|Any CPU
		{0E6961F1-F0F7-4C5B-A20E-E7425309B199}.Release|Any CPU.ActiveCfg = Release|Any CPU
		{0E6961F1-F0F7-4C5B-A20E-E7425309B199}.Release|Any CPU.Build.0 = Release|Any CPU
		{E7D706F6-03B4-42DC-A841-291DBE4C831D}.Debug|Any CPU.ActiveCfg = Debug|Any CPU
		{E7D706F6-03B4-42DC-A841-291DBE4C831D}.Debug|Any CPU.Build.0 = Debug|Any CPU
		{E7D706F6-03B4-42DC-A841-291DBE4C831D}.Release|Any CPU.ActiveCfg = Release|Any CPU
		{E7D706F6-03B4-42DC-A841-291DBE4C831D}.Release|Any CPU.Build.0 = Release|Any CPU
		{3F0FA999-CB2B-48CB-80B3-3D62B928897B}.Debug|Any CPU.ActiveCfg = Debug|Any CPU
		{3F0FA999-CB2B-48CB-80B3-3D62B928897B}.Debug|Any CPU.Build.0 = Debug|Any CPU
		{3F0FA999-CB2B-48CB-80B3-3D62B928897B}.Release|Any CPU.ActiveCfg = Release|Any CPU
		{3F0FA999-CB2B-48CB-80B3-3D62B928897B}.Release|Any CPU.Build.0 = Release|Any CPU
	EndGlobalSection
	GlobalSection(SolutionProperties) = preSolution
		HideSolutionNode = FALSE
	EndGlobalSection
	GlobalSection(ExtensibilityGlobals) = postSolution
		SolutionGuid = {1841EE8D-8BA3-45E9-93A5-2E742D7FA1FD}
	EndGlobalSection
EndGlobal
